// !$*UTF8*$!
{
	archiveVersion = 1;
	classes = {
	};
	objectVersion = 46;
	objects = {

/* Begin PBXAggregateTarget section */
		"OnBoarding::OnBoardingPackageTests::ProductTarget" /* OnBoardingPackageTests */ = {
			isa = PBXAggregateTarget;
			buildConfigurationList = OBJ_41 /* Build configuration list for PBXAggregateTarget "OnBoardingPackageTests" */;
			buildPhases = (
			);
			dependencies = (
				OBJ_44 /* PBXTargetDependency */,
			);
			name = OnBoardingPackageTests;
			productName = OnBoardingPackageTests;
		};
/* End PBXAggregateTarget section */

/* Begin PBXBuildFile section */
		9CDB77A62599C20E00B8A579 /* OnboardingTestApp.swift in Sources */ = {isa = PBXBuildFile; fileRef = 9CDB77A02599C20E00B8A579 /* OnboardingTestApp.swift */; };
		9CDB77A72599C20E00B8A579 /* ContentView.swift in Sources */ = {isa = PBXBuildFile; fileRef = 9CDB77A42599C20E00B8A579 /* ContentView.swift */; };
		9CDB77DA2599D30700B8A579 /* SplashView.swift in Sources */ = {isa = PBXBuildFile; fileRef = 9CDB77CF2599D30700B8A579 /* SplashView.swift */; };
		9CDB77DB2599D30700B8A579 /* LandingView.swift in Sources */ = {isa = PBXBuildFile; fileRef = 9CDB77D12599D30700B8A579 /* LandingView.swift */; };
		9CDB77DC2599D30700B8A579 /* OnboardingNotifications.swift in Sources */ = {isa = PBXBuildFile; fileRef = 9CDB77D42599D30700B8A579 /* OnboardingNotifications.swift */; };
		9CDB77DD2599D30700B8A579 /* OnboardingLocation.swift in Sources */ = {isa = PBXBuildFile; fileRef = 9CDB77D52599D30700B8A579 /* OnboardingLocation.swift */; };
		9CDB77DE2599D30700B8A579 /* OnboardingView.swift in Sources */ = {isa = PBXBuildFile; fileRef = 9CDB77D62599D30700B8A579 /* OnboardingView.swift */; };
		9CDB77DF2599D30700B8A579 /* OnBoardingNew.swift in Sources */ = {isa = PBXBuildFile; fileRef = 9CDB77D92599D30700B8A579 /* OnBoardingNew.swift */; };
		OBJ_39 /* Package.swift in Sources */ = {isa = PBXBuildFile; fileRef = OBJ_6 /* Package.swift */; };
		OBJ_50 /* OnBoardingTests.swift in Sources */ = {isa = PBXBuildFile; fileRef = OBJ_12 /* OnBoardingTests.swift */; };
		OBJ_51 /* XCTestManifests.swift in Sources */ = {isa = PBXBuildFile; fileRef = OBJ_13 /* XCTestManifests.swift */; };
		OBJ_53 /* OnBoarding.framework in Frameworks */ = {isa = PBXBuildFile; fileRef = "OnBoarding::OnBoarding::Product" /* OnBoarding.framework */; };
/* End PBXBuildFile section */

/* Begin PBXContainerItemProxy section */
		9C29077C259355A500C45C36 /* PBXContainerItemProxy */ = {
			isa = PBXContainerItemProxy;
			containerPortal = OBJ_1 /* Project object */;
			proxyType = 1;
			remoteGlobalIDString = "OnBoarding::OnBoarding";
			remoteInfo = OnBoarding;
		};
		9C29077D259355A500C45C36 /* PBXContainerItemProxy */ = {
			isa = PBXContainerItemProxy;
			containerPortal = OBJ_1 /* Project object */;
			proxyType = 1;
			remoteGlobalIDString = "OnBoarding::OnBoardingTests";
			remoteInfo = OnBoardingTests;
		};
/* End PBXContainerItemProxy section */

/* Begin PBXFileReference section */
		9CDB77A02599C20E00B8A579 /* OnboardingTestApp.swift */ = {isa = PBXFileReference; fileEncoding = 4; lastKnownFileType = sourcecode.swift; path = OnboardingTestApp.swift; sourceTree = "<group>"; };
		9CDB77A12599C20E00B8A579 /* Assets.xcassets */ = {isa = PBXFileReference; lastKnownFileType = folder.assetcatalog; path = Assets.xcassets; sourceTree = "<group>"; };
		9CDB77A32599C20E00B8A579 /* Preview Assets.xcassets */ = {isa = PBXFileReference; lastKnownFileType = folder.assetcatalog; path = "Preview Assets.xcassets"; sourceTree = "<group>"; };
		9CDB77A42599C20E00B8A579 /* ContentView.swift */ = {isa = PBXFileReference; fileEncoding = 4; lastKnownFileType = sourcecode.swift; path = ContentView.swift; sourceTree = "<group>"; };
		9CDB77A52599C20E00B8A579 /* Info.plist */ = {isa = PBXFileReference; fileEncoding = 4; lastKnownFileType = text.plist.xml; path = Info.plist; sourceTree = "<group>"; };
		9CDB77CD2599D30700B8A579 /* Common.xcassets */ = {isa = PBXFileReference; lastKnownFileType = folder.assetcatalog; path = Common.xcassets; sourceTree = "<group>"; };
		9CDB77CF2599D30700B8A579 /* SplashView.swift */ = {isa = PBXFileReference; fileEncoding = 4; lastKnownFileType = sourcecode.swift; path = SplashView.swift; sourceTree = "<group>"; };
		9CDB77D12599D30700B8A579 /* LandingView.swift */ = {isa = PBXFileReference; fileEncoding = 4; lastKnownFileType = sourcecode.swift; path = LandingView.swift; sourceTree = "<group>"; };
		9CDB77D22599D30700B8A579 /* Onboarding.h */ = {isa = PBXFileReference; fileEncoding = 4; lastKnownFileType = sourcecode.c.h; path = Onboarding.h; sourceTree = "<group>"; };
		9CDB77D42599D30700B8A579 /* OnboardingNotifications.swift */ = {isa = PBXFileReference; fileEncoding = 4; lastKnownFileType = sourcecode.swift; path = OnboardingNotifications.swift; sourceTree = "<group>"; };
		9CDB77D52599D30700B8A579 /* OnboardingLocation.swift */ = {isa = PBXFileReference; fileEncoding = 4; lastKnownFileType = sourcecode.swift; path = OnboardingLocation.swift; sourceTree = "<group>"; };
		9CDB77D62599D30700B8A579 /* OnboardingView.swift */ = {isa = PBXFileReference; fileEncoding = 4; lastKnownFileType = sourcecode.swift; path = OnboardingView.swift; sourceTree = "<group>"; };
		9CDB77D72599D30700B8A579 /* Info.plist */ = {isa = PBXFileReference; fileEncoding = 4; lastKnownFileType = text.plist.xml; path = Info.plist; sourceTree = "<group>"; };
		9CDB77D92599D30700B8A579 /* OnBoardingNew.swift */ = {isa = PBXFileReference; fileEncoding = 4; lastKnownFileType = sourcecode.swift; path = OnBoardingNew.swift; sourceTree = "<group>"; };
		OBJ_12 /* OnBoardingTests.swift */ = {isa = PBXFileReference; lastKnownFileType = sourcecode.swift; path = OnBoardingTests.swift; sourceTree = "<group>"; };
		OBJ_13 /* XCTestManifests.swift */ = {isa = PBXFileReference; lastKnownFileType = sourcecode.swift; path = XCTestManifests.swift; sourceTree = "<group>"; };
		OBJ_17 /* OnboardingTestUITests */ = {isa = PBXFileReference; lastKnownFileType = folder; path = OnboardingTestUITests; sourceTree = SOURCE_ROOT; };
		OBJ_18 /* Onboarding.xcworkspace */ = {isa = PBXFileReference; lastKnownFileType = wrapper.workspace; path = Onboarding.xcworkspace; sourceTree = SOURCE_ROOT; };
		OBJ_19 /* OnboardingTestTests */ = {isa = PBXFileReference; lastKnownFileType = folder; path = OnboardingTestTests; sourceTree = SOURCE_ROOT; };
		OBJ_20 /* Pods */ = {isa = PBXFileReference; lastKnownFileType = folder; path = Pods; sourceTree = SOURCE_ROOT; };
		OBJ_21 /* OnboardingTests */ = {isa = PBXFileReference; lastKnownFileType = folder; path = OnboardingTests; sourceTree = SOURCE_ROOT; };
		OBJ_24 /* README.md */ = {isa = PBXFileReference; lastKnownFileType = net.daringfireball.markdown; path = README.md; sourceTree = "<group>"; };
		OBJ_25 /* Podfile */ = {isa = PBXFileReference; lastKnownFileType = text; path = Podfile; sourceTree = "<group>"; xcLanguageSpecificationIdentifier = xcode.lang.ruby; };
		OBJ_26 /* Podfile.lock */ = {isa = PBXFileReference; lastKnownFileType = text; path = Podfile.lock; sourceTree = "<group>"; };
		OBJ_6 /* Package.swift */ = {isa = PBXFileReference; explicitFileType = sourcecode.swift; path = Package.swift; sourceTree = "<group>"; };
		"OnBoarding::OnBoarding::Product" /* OnBoarding.framework */ = {isa = PBXFileReference; explicitFileType = wrapper.framework; path = OnBoarding.framework; sourceTree = BUILT_PRODUCTS_DIR; };
		"OnBoarding::OnBoardingTests::Product" /* OnBoardingTests.xctest */ = {isa = PBXFileReference; explicitFileType = wrapper.cfbundle; path = OnBoardingTests.xctest; sourceTree = BUILT_PRODUCTS_DIR; };
/* End PBXFileReference section */

/* Begin PBXFrameworksBuildPhase section */
		OBJ_33 /* Frameworks */ = {
			isa = PBXFrameworksBuildPhase;
			buildActionMask = 0;
			files = (
			);
			runOnlyForDeploymentPostprocessing = 0;
		};
		OBJ_52 /* Frameworks */ = {
			isa = PBXFrameworksBuildPhase;
			buildActionMask = 0;
			files = (
				OBJ_53 /* OnBoarding.framework in Frameworks */,
			);
			runOnlyForDeploymentPostprocessing = 0;
		};
/* End PBXFrameworksBuildPhase section */

/* Begin PBXGroup section */
		9CDB779F2599C20E00B8A579 /* OnboardingMain */ = {
			isa = PBXGroup;
			children = (
				9CDB77A02599C20E00B8A579 /* OnboardingTestApp.swift */,
				9CDB77A12599C20E00B8A579 /* Assets.xcassets */,
				9CDB77A22599C20E00B8A579 /* Preview Content */,
				9CDB77A42599C20E00B8A579 /* ContentView.swift */,
				9CDB77A52599C20E00B8A579 /* Info.plist */,
			);
			name = OnboardingMain;
			path = Sources/OnboardingMain;
			sourceTree = "<group>";
		};
		9CDB77A22599C20E00B8A579 /* Preview Content */ = {
			isa = PBXGroup;
			children = (
				9CDB77A32599C20E00B8A579 /* Preview Assets.xcassets */,
			);
			path = "Preview Content";
			sourceTree = "<group>";
		};
		9CDB77CB2599D30700B8A579 /* OnboardingLandingFolder */ = {
			isa = PBXGroup;
			children = (
				9CDB77CC2599D30700B8A579 /* resources */,
				9CDB77CE2599D30700B8A579 /* SplashView */,
				9CDB77D02599D30700B8A579 /* LandingView */,
				9CDB77D22599D30700B8A579 /* Onboarding.h */,
				9CDB77D32599D30700B8A579 /* OnboardingLocationFolder */,
				9CDB77D72599D30700B8A579 /* Info.plist */,
			);
			name = OnboardingLandingFolder;
			path = Sources/OnboardingLandingFolder;
			sourceTree = "<group>";
		};
		9CDB77CC2599D30700B8A579 /* resources */ = {
			isa = PBXGroup;
			children = (
				9CDB77CD2599D30700B8A579 /* Common.xcassets */,
			);
			path = resources;
			sourceTree = "<group>";
		};
		9CDB77CE2599D30700B8A579 /* SplashView */ = {
			isa = PBXGroup;
			children = (
				9CDB77CF2599D30700B8A579 /* SplashView.swift */,
			);
			path = SplashView;
			sourceTree = "<group>";
		};
		9CDB77D02599D30700B8A579 /* LandingView */ = {
			isa = PBXGroup;
			children = (
				9CDB77D12599D30700B8A579 /* LandingView.swift */,
			);
			path = LandingView;
			sourceTree = "<group>";
		};
		9CDB77D32599D30700B8A579 /* OnboardingLocationFolder */ = {
			isa = PBXGroup;
			children = (
				9CDB77D42599D30700B8A579 /* OnboardingNotifications.swift */,
				9CDB77D52599D30700B8A579 /* OnboardingLocation.swift */,
				9CDB77D62599D30700B8A579 /* OnboardingView.swift */,
			);
			path = OnboardingLocationFolder;
			sourceTree = "<group>";
		};
		9CDB77D82599D30700B8A579 /* OnBoardingNewFolder */ = {
			isa = PBXGroup;
			children = (
				9CDB77D92599D30700B8A579 /* OnBoardingNew.swift */,
			);
			name = OnBoardingNewFolder;
			path = Sources/OnBoardingNewFolder;
			sourceTree = "<group>";
		};
		OBJ_10 /* Tests */ = {
			isa = PBXGroup;
			children = (
				OBJ_11 /* OnBoardingTests */,
			);
			name = Tests;
			sourceTree = SOURCE_ROOT;
		};
		OBJ_11 /* OnBoardingTests */ = {
			isa = PBXGroup;
			children = (
				OBJ_12 /* OnBoardingTests.swift */,
				OBJ_13 /* XCTestManifests.swift */,
			);
			name = OnBoardingTests;
			path = Tests/OnBoardingTests;
			sourceTree = SOURCE_ROOT;
		};
		OBJ_14 /* Products */ = {
			isa = PBXGroup;
			children = (
				"OnBoarding::OnBoarding::Product" /* OnBoarding.framework */,
				"OnBoarding::OnBoardingTests::Product" /* OnBoardingTests.xctest */,
			);
			name = Products;
			sourceTree = BUILT_PRODUCTS_DIR;
		};
		OBJ_5 = {
			isa = PBXGroup;
			children = (
				OBJ_6 /* Package.swift */,
				OBJ_7 /* Sources */,
				OBJ_10 /* Tests */,
				OBJ_14 /* Products */,
				OBJ_17 /* OnboardingTestUITests */,
				OBJ_18 /* Onboarding.xcworkspace */,
				OBJ_19 /* OnboardingTestTests */,
				OBJ_20 /* Pods */,
				OBJ_21 /* OnboardingTests */,
				OBJ_24 /* README.md */,
				OBJ_25 /* Podfile */,
				OBJ_26 /* Podfile.lock */,
			);
			sourceTree = "<group>";
		};
		OBJ_7 /* Sources */ = {
			isa = PBXGroup;
			children = (
				9CDB77CB2599D30700B8A579 /* OnboardingLandingFolder */,
				9CDB77D82599D30700B8A579 /* OnBoardingNewFolder */,
				9CDB779F2599C20E00B8A579 /* OnboardingMain */,
			);
			name = Sources;
			sourceTree = SOURCE_ROOT;
		};
/* End PBXGroup section */

/* Begin PBXNativeTarget section */
		"OnBoarding::OnBoarding" /* OnBoarding */ = {
			isa = PBXNativeTarget;
			buildConfigurationList = OBJ_28 /* Build configuration list for PBXNativeTarget "OnBoarding" */;
			buildPhases = (
				OBJ_31 /* Sources */,
				OBJ_33 /* Frameworks */,
			);
			buildRules = (
			);
			dependencies = (
			);
			name = OnBoarding;
			productName = OnBoarding;
			productReference = "OnBoarding::OnBoarding::Product" /* OnBoarding.framework */;
			productType = "com.apple.product-type.framework";
		};
		"OnBoarding::OnBoardingTests" /* OnBoardingTests */ = {
			isa = PBXNativeTarget;
			buildConfigurationList = OBJ_46 /* Build configuration list for PBXNativeTarget "OnBoardingTests" */;
			buildPhases = (
				OBJ_49 /* Sources */,
				OBJ_52 /* Frameworks */,
			);
			buildRules = (
			);
			dependencies = (
				OBJ_54 /* PBXTargetDependency */,
			);
			name = OnBoardingTests;
			productName = OnBoardingTests;
			productReference = "OnBoarding::OnBoardingTests::Product" /* OnBoardingTests.xctest */;
			productType = "com.apple.product-type.bundle.unit-test";
		};
		"OnBoarding::SwiftPMPackageDescription" /* OnBoardingPackageDescription */ = {
			isa = PBXNativeTarget;
			buildConfigurationList = OBJ_35 /* Build configuration list for PBXNativeTarget "OnBoardingPackageDescription" */;
			buildPhases = (
				OBJ_38 /* Sources */,
			);
			buildRules = (
			);
			dependencies = (
			);
			name = OnBoardingPackageDescription;
			productName = OnBoardingPackageDescription;
			productType = "com.apple.product-type.framework";
		};
/* End PBXNativeTarget section */

/* Begin PBXProject section */
		OBJ_1 /* Project object */ = {
			isa = PBXProject;
			attributes = {
				LastSwiftMigration = 9999;
				LastUpgradeCheck = 9999;
			};
			buildConfigurationList = OBJ_2 /* Build configuration list for PBXProject "Onboarding" */;
			compatibilityVersion = "Xcode 3.2";
			developmentRegion = en;
			hasScannedForEncodings = 0;
			knownRegions = (
				en,
			);
			mainGroup = OBJ_5;
			productRefGroup = OBJ_14 /* Products */;
			projectDirPath = "";
			projectRoot = "";
			targets = (
				"OnBoarding::OnBoarding" /* OnBoarding */,
				"OnBoarding::SwiftPMPackageDescription" /* OnBoardingPackageDescription */,
				"OnBoarding::OnBoardingPackageTests::ProductTarget" /* OnBoardingPackageTests */,
				"OnBoarding::OnBoardingTests" /* OnBoardingTests */,
			);
		};
/* End PBXProject section */

/* Begin PBXSourcesBuildPhase section */
		OBJ_31 /* Sources */ = {
			isa = PBXSourcesBuildPhase;
			buildActionMask = 0;
			files = (
				9CDB77DB2599D30700B8A579 /* LandingView.swift in Sources */,
				9CDB77DD2599D30700B8A579 /* OnboardingLocation.swift in Sources */,
				9CDB77A62599C20E00B8A579 /* OnboardingTestApp.swift in Sources */,
				9CDB77DF2599D30700B8A579 /* OnBoardingNew.swift in Sources */,
				9CDB77DC2599D30700B8A579 /* OnboardingNotifications.swift in Sources */,
				9CDB77A72599C20E00B8A579 /* ContentView.swift in Sources */,
				9CDB77DA2599D30700B8A579 /* SplashView.swift in Sources */,
				9CDB77DE2599D30700B8A579 /* OnboardingView.swift in Sources */,
			);
			runOnlyForDeploymentPostprocessing = 0;
		};
		OBJ_38 /* Sources */ = {
			isa = PBXSourcesBuildPhase;
			buildActionMask = 0;
			files = (
				OBJ_39 /* Package.swift in Sources */,
			);
			runOnlyForDeploymentPostprocessing = 0;
		};
		OBJ_49 /* Sources */ = {
			isa = PBXSourcesBuildPhase;
			buildActionMask = 0;
			files = (
				OBJ_50 /* OnBoardingTests.swift in Sources */,
				OBJ_51 /* XCTestManifests.swift in Sources */,
			);
			runOnlyForDeploymentPostprocessing = 0;
		};
/* End PBXSourcesBuildPhase section */

/* Begin PBXTargetDependency section */
		OBJ_44 /* PBXTargetDependency */ = {
			isa = PBXTargetDependency;
			target = "OnBoarding::OnBoardingTests" /* OnBoardingTests */;
			targetProxy = 9C29077D259355A500C45C36 /* PBXContainerItemProxy */;
		};
		OBJ_54 /* PBXTargetDependency */ = {
			isa = PBXTargetDependency;
			target = "OnBoarding::OnBoarding" /* OnBoarding */;
			targetProxy = 9C29077C259355A500C45C36 /* PBXContainerItemProxy */;
		};
/* End PBXTargetDependency section */

/* Begin XCBuildConfiguration section */
		OBJ_29 /* Debug */ = {
			isa = XCBuildConfiguration;
			buildSettings = {
				ENABLE_BITCODE = NO;
				ENABLE_TESTABILITY = YES;
				FRAMEWORK_SEARCH_PATHS = (
					"$(inherited)",
					"$(PLATFORM_DIR)/Developer/Library/Frameworks",
				);
				HEADER_SEARCH_PATHS = "$(inherited)";
				INFOPLIST_FILE = OnBoarding.xcodeproj/OnBoarding_Info.plist;
				IPHONEOS_DEPLOYMENT_TARGET = 14.0;
				LD_RUNPATH_SEARCH_PATHS = "$(inherited) $(TOOLCHAIN_DIR)/usr/lib/swift/macosx";
				MACOSX_DEPLOYMENT_TARGET = 10.10;
				OTHER_CFLAGS = "$(inherited)";
				OTHER_LDFLAGS = "$(inherited)";
				OTHER_SWIFT_FLAGS = "$(inherited)";
				PRODUCT_BUNDLE_IDENTIFIER = OnBoarding;
				PRODUCT_MODULE_NAME = "$(TARGET_NAME:c99extidentifier)";
				PRODUCT_NAME = "$(TARGET_NAME:c99extidentifier)";
				SDKROOT = iphoneos;
				SKIP_INSTALL = YES;
				SUPPORTED_PLATFORMS = "iphonesimulator iphoneos";
				SWIFT_ACTIVE_COMPILATION_CONDITIONS = "$(inherited)";
				SWIFT_VERSION = 5.0;
				TARGETED_DEVICE_FAMILY = "1,2";
				TARGET_NAME = OnBoarding;
				TVOS_DEPLOYMENT_TARGET = 9.0;
				WATCHOS_DEPLOYMENT_TARGET = 2.0;
			};
			name = Debug;
		};
		OBJ_3 /* Debug */ = {
			isa = XCBuildConfiguration;
			buildSettings = {
				CLANG_ENABLE_OBJC_ARC = YES;
				COMBINE_HIDPI_IMAGES = YES;
				COPY_PHASE_STRIP = NO;
				DEBUG_INFORMATION_FORMAT = dwarf;
				DYLIB_INSTALL_NAME_BASE = "@rpath";
				ENABLE_NS_ASSERTIONS = YES;
				GCC_OPTIMIZATION_LEVEL = fast;
				GCC_PREPROCESSOR_DEFINITIONS = (
					"$(inherited)",
					"SWIFT_PACKAGE=1",
					"DEBUG=1",
				);
				IPHONEOS_DEPLOYMENT_TARGET = 14.0;
				MACOSX_DEPLOYMENT_TARGET = 10.10;
				ONLY_ACTIVE_ARCH = YES;
				OTHER_SWIFT_FLAGS = "$(inherited) -DXcode";
				PRODUCT_NAME = "$(TARGET_NAME)";
				SDKROOT = iphoneos;
				SUPPORTED_PLATFORMS = "iphonesimulator iphoneos";
				SWIFT_ACTIVE_COMPILATION_CONDITIONS = "$(inherited) SWIFT_PACKAGE DEBUG";
				SWIFT_OPTIMIZATION_LEVEL = "-Onone";
				SWIFT_VERSION = 5.0;
				TARGETED_DEVICE_FAMILY = "1,2";
				USE_HEADERMAP = NO;
			};
			name = Debug;
		};
		OBJ_30 /* Release */ = {
			isa = XCBuildConfiguration;
			buildSettings = {
				ENABLE_BITCODE = NO;
				ENABLE_TESTABILITY = YES;
				FRAMEWORK_SEARCH_PATHS = (
					"$(inherited)",
					"$(PLATFORM_DIR)/Developer/Library/Frameworks",
				);
				HEADER_SEARCH_PATHS = "$(inherited)";
				INFOPLIST_FILE = OnBoarding.xcodeproj/OnBoarding_Info.plist;
				IPHONEOS_DEPLOYMENT_TARGET = 14.0;
				LD_RUNPATH_SEARCH_PATHS = "$(inherited) $(TOOLCHAIN_DIR)/usr/lib/swift/macosx";
				MACOSX_DEPLOYMENT_TARGET = 10.10;
				OTHER_CFLAGS = "$(inherited)";
				OTHER_LDFLAGS = "$(inherited)";
				OTHER_SWIFT_FLAGS = "$(inherited)";
				PRODUCT_BUNDLE_IDENTIFIER = OnBoarding;
				PRODUCT_MODULE_NAME = "$(TARGET_NAME:c99extidentifier)";
				PRODUCT_NAME = "$(TARGET_NAME:c99extidentifier)";
				SDKROOT = iphoneos;
				SKIP_INSTALL = YES;
				SUPPORTED_PLATFORMS = "iphonesimulator iphoneos";
				SWIFT_ACTIVE_COMPILATION_CONDITIONS = "$(inherited)";
				SWIFT_VERSION = 5.0;
				TARGETED_DEVICE_FAMILY = "1,2";
				TARGET_NAME = OnBoarding;
				TVOS_DEPLOYMENT_TARGET = 9.0;
				WATCHOS_DEPLOYMENT_TARGET = 2.0;
			};
			name = Release;
		};
		OBJ_36 /* Debug */ = {
			isa = XCBuildConfiguration;
			buildSettings = {
				ENABLE_BITCODE = NO;
				IPHONEOS_DEPLOYMENT_TARGET = 14.0;
				LD = /usr/bin/true;
				OTHER_SWIFT_FLAGS = "-swift-version 5 -I $(TOOLCHAIN_DIR)/usr/lib/swift/pm/4_2 -sdk /Applications/Xcode.app/Contents/Developer/Platforms/MacOSX.platform/Developer/SDKs/MacOSX10.15.sdk -package-description-version 5.3.0";
				SDKROOT = iphoneos;
				SUPPORTED_PLATFORMS = "iphonesimulator iphoneos";
				SWIFT_VERSION = 5.0;
				TARGETED_DEVICE_FAMILY = "1,2";
			};
			name = Debug;
		};
		OBJ_37 /* Release */ = {
			isa = XCBuildConfiguration;
			buildSettings = {
				ENABLE_BITCODE = NO;
				IPHONEOS_DEPLOYMENT_TARGET = 14.0;
				LD = /usr/bin/true;
				OTHER_SWIFT_FLAGS = "-swift-version 5 -I $(TOOLCHAIN_DIR)/usr/lib/swift/pm/4_2 -sdk /Applications/Xcode.app/Contents/Developer/Platforms/MacOSX.platform/Developer/SDKs/MacOSX10.15.sdk -package-description-version 5.3.0";
				SDKROOT = iphoneos;
				SUPPORTED_PLATFORMS = "iphonesimulator iphoneos";
				SWIFT_VERSION = 5.0;
				TARGETED_DEVICE_FAMILY = "1,2";
			};
			name = Release;
		};
		OBJ_4 /* Release */ = {
			isa = XCBuildConfiguration;
			buildSettings = {
				CLANG_ENABLE_OBJC_ARC = YES;
				COMBINE_HIDPI_IMAGES = YES;
				COPY_PHASE_STRIP = YES;
				DEBUG_INFORMATION_FORMAT = "dwarf-with-dsym";
				DYLIB_INSTALL_NAME_BASE = "@rpath";
				GCC_OPTIMIZATION_LEVEL = fast;
				GCC_PREPROCESSOR_DEFINITIONS = (
					"$(inherited)",
					"SWIFT_PACKAGE=1",
				);
				IPHONEOS_DEPLOYMENT_TARGET = 14.0;
				MACOSX_DEPLOYMENT_TARGET = 10.10;
				OTHER_SWIFT_FLAGS = "$(inherited) -DXcode";
				PRODUCT_NAME = "$(TARGET_NAME)";
				SDKROOT = iphoneos;
				SUPPORTED_PLATFORMS = "iphonesimulator iphoneos";
				SWIFT_ACTIVE_COMPILATION_CONDITIONS = "$(inherited) SWIFT_PACKAGE";
				SWIFT_OPTIMIZATION_LEVEL = "-Owholemodule";
				SWIFT_VERSION = 5.0;
				TARGETED_DEVICE_FAMILY = "1,2";
				USE_HEADERMAP = NO;
			};
			name = Release;
		};
		OBJ_42 /* Debug */ = {
			isa = XCBuildConfiguration;
			buildSettings = {
				ENABLE_BITCODE = NO;
				SDKROOT = iphoneos;
				SUPPORTED_PLATFORMS = "iphonesimulator iphoneos";
				TARGETED_DEVICE_FAMILY = "1,2";
			};
			name = Debug;
		};
		OBJ_43 /* Release */ = {
			isa = XCBuildConfiguration;
			buildSettings = {
				ENABLE_BITCODE = NO;
				SDKROOT = iphoneos;
				SUPPORTED_PLATFORMS = "iphonesimulator iphoneos";
				TARGETED_DEVICE_FAMILY = "1,2";
			};
			name = Release;
		};
		OBJ_47 /* Debug */ = {
			isa = XCBuildConfiguration;
			buildSettings = {
				CLANG_ENABLE_MODULES = YES;
				EMBEDDED_CONTENT_CONTAINS_SWIFT = YES;
				FRAMEWORK_SEARCH_PATHS = (
					"$(inherited)",
					"$(PLATFORM_DIR)/Developer/Library/Frameworks",
				);
				HEADER_SEARCH_PATHS = "$(inherited)";
				INFOPLIST_FILE = OnBoarding.xcodeproj/OnBoardingTests_Info.plist;
				IPHONEOS_DEPLOYMENT_TARGET = 14.0;
				LD_RUNPATH_SEARCH_PATHS = "$(inherited) @loader_path/../Frameworks @loader_path/Frameworks";
				MACOSX_DEPLOYMENT_TARGET = 10.15;
				OTHER_CFLAGS = "$(inherited)";
				OTHER_LDFLAGS = "$(inherited)";
				OTHER_SWIFT_FLAGS = "$(inherited)";
				SDKROOT = iphoneos;
				SUPPORTED_PLATFORMS = "iphonesimulator iphoneos";
				SWIFT_ACTIVE_COMPILATION_CONDITIONS = "$(inherited)";
				SWIFT_VERSION = 5.0;
				TARGET_NAME = OnBoardingTests;
				TVOS_DEPLOYMENT_TARGET = 9.0;
				WATCHOS_DEPLOYMENT_TARGET = 2.0;
			};
			name = Debug;
		};
		OBJ_48 /* Release */ = {
			isa = XCBuildConfiguration;
			buildSettings = {
				CLANG_ENABLE_MODULES = YES;
				EMBEDDED_CONTENT_CONTAINS_SWIFT = YES;
				FRAMEWORK_SEARCH_PATHS = (
					"$(inherited)",
					"$(PLATFORM_DIR)/Developer/Library/Frameworks",
				);
				HEADER_SEARCH_PATHS = "$(inherited)";
				INFOPLIST_FILE = OnBoarding.xcodeproj/OnBoardingTests_Info.plist;
				IPHONEOS_DEPLOYMENT_TARGET = 14.0;
				LD_RUNPATH_SEARCH_PATHS = "$(inherited) @loader_path/../Frameworks @loader_path/Frameworks";
				MACOSX_DEPLOYMENT_TARGET = 10.15;
				OTHER_CFLAGS = "$(inherited)";
				OTHER_LDFLAGS = "$(inherited)";
				OTHER_SWIFT_FLAGS = "$(inherited)";
				SDKROOT = iphoneos;
				SUPPORTED_PLATFORMS = "iphonesimulator iphoneos";
				SWIFT_ACTIVE_COMPILATION_CONDITIONS = "$(inherited)";
				SWIFT_VERSION = 5.0;
				TARGET_NAME = OnBoardingTests;
				TVOS_DEPLOYMENT_TARGET = 9.0;
				WATCHOS_DEPLOYMENT_TARGET = 2.0;
			};
			name = Release;
		};
/* End XCBuildConfiguration section */

/* Begin XCConfigurationList section */
		OBJ_2 /* Build configuration list for PBXProject "Onboarding" */ = {
			isa = XCConfigurationList;
			buildConfigurations = (
				OBJ_3 /* Debug */,
				OBJ_4 /* Release */,
			);
			defaultConfigurationIsVisible = 0;
			defaultConfigurationName = Release;
		};
		OBJ_28 /* Build configuration list for PBXNativeTarget "OnBoarding" */ = {
			isa = XCConfigurationList;
			buildConfigurations = (
				OBJ_29 /* Debug */,
				OBJ_30 /* Release */,
			);
			defaultConfigurationIsVisible = 0;
			defaultConfigurationName = Release;
		};
		OBJ_35 /* Build configuration list for PBXNativeTarget "OnBoardingPackageDescription" */ = {
			isa = XCConfigurationList;
			buildConfigurations = (
				OBJ_36 /* Debug */,
				OBJ_37 /* Release */,
			);
			defaultConfigurationIsVisible = 0;
			defaultConfigurationName = Release;
		};
		OBJ_41 /* Build configuration list for PBXAggregateTarget "OnBoardingPackageTests" */ = {
			isa = XCConfigurationList;
			buildConfigurations = (
				OBJ_42 /* Debug */,
				OBJ_43 /* Release */,
			);
			defaultConfigurationIsVisible = 0;
			defaultConfigurationName = Release;
		};
		OBJ_46 /* Build configuration list for PBXNativeTarget "OnBoardingTests" */ = {
			isa = XCConfigurationList;
			buildConfigurations = (
				OBJ_47 /* Debug */,
				OBJ_48 /* Release */,
			);
			defaultConfigurationIsVisible = 0;
			defaultConfigurationName = Release;
		};
/* End XCConfigurationList section */
	};
	rootObject = OBJ_1 /* Project object */;
}
